// !$*UTF8*$!
{
	archiveVersion = 1;
	classes = {
	};
	objectVersion = 50;
	objects = {

/* Begin PBXBuildFile section */
		2F11F17A21909CFD001A192C /* AppDelegate.swift in Sources */ = {isa = PBXBuildFile; fileRef = 2F11F17921909CFD001A192C /* AppDelegate.swift */; };
		2F11F17C21909CFD001A192C /* ViewController.swift in Sources */ = {isa = PBXBuildFile; fileRef = 2F11F17B21909CFD001A192C /* ViewController.swift */; };
		2F11F17F21909CFD001A192C /* Main.storyboard in Resources */ = {isa = PBXBuildFile; fileRef = 2F11F17D21909CFD001A192C /* Main.storyboard */; };
		2F11F18121909CFD001A192C /* Assets.xcassets in Resources */ = {isa = PBXBuildFile; fileRef = 2F11F18021909CFD001A192C /* Assets.xcassets */; };
		2F11F18421909CFD001A192C /* LaunchScreen.storyboard in Resources */ = {isa = PBXBuildFile; fileRef = 2F11F18221909CFD001A192C /* LaunchScreen.storyboard */; };
		2F11F18F21909CFE001A192C /* myMapTests.swift in Sources */ = {isa = PBXBuildFile; fileRef = 2F11F18E21909CFE001A192C /* myMapTests.swift */; };
		2F11F19A21909CFE001A192C /* myMapUITests.swift in Sources */ = {isa = PBXBuildFile; fileRef = 2F11F19921909CFE001A192C /* myMapUITests.swift */; };
/* End PBXBuildFile section */

/* Begin PBXContainerItemProxy section */
		2F11F18B21909CFE001A192C /* PBXContainerItemProxy */ = {
			isa = PBXContainerItemProxy;
			containerPortal = 2F11F16E21909CFC001A192C /* Project object */;
			proxyType = 1;
			remoteGlobalIDString = 2F11F17521909CFC001A192C;
			remoteInfo = myMap;
		};
		2F11F19621909CFE001A192C /* PBXContainerItemProxy */ = {
			isa = PBXContainerItemProxy;
			containerPortal = 2F11F16E21909CFC001A192C /* Project object */;
			proxyType = 1;
			remoteGlobalIDString = 2F11F17521909CFC001A192C;
			remoteInfo = myMap;
		};
/* End PBXContainerItemProxy section */

/* Begin PBXFileReference section */
		2F11F17621909CFD001A192C /* myMap.app */ = {isa = PBXFileReference; explicitFileType = wrapper.application; includeInIndex = 0; path = myMap.app; sourceTree = BUILT_PRODUCTS_DIR; };
		2F11F17921909CFD001A192C /* AppDelegate.swift */ = {isa = PBXFileReference; lastKnownFileType = sourcecode.swift; path = AppDelegate.swift; sourceTree = "<group>"; };
		2F11F17B21909CFD001A192C /* ViewController.swift */ = {isa = PBXFileReference; lastKnownFileType = sourcecode.swift; path = ViewController.swift; sourceTree = "<group>"; };
		2F11F17E21909CFD001A192C /* Base */ = {isa = PBXFileReference; lastKnownFileType = file.storyboard; name = Base; path = Base.lproj/Main.storyboard; sourceTree = "<group>"; };
		2F11F18021909CFD001A192C /* Assets.xcassets */ = {isa = PBXFileReference; lastKnownFileType = folder.assetcatalog; path = Assets.xcassets; sourceTree = "<group>"; };
		2F11F18321909CFD001A192C /* Base */ = {isa = PBXFileReference; lastKnownFileType = file.storyboard; name = Base; path = Base.lproj/LaunchScreen.storyboard; sourceTree = "<group>"; };
		2F11F18521909CFE001A192C /* Info.plist */ = {isa = PBXFileReference; lastKnownFileType = text.plist.xml; path = Info.plist; sourceTree = "<group>"; };
		2F11F18A21909CFE001A192C /* myMapTests.xctest */ = {isa = PBXFileReference; explicitFileType = wrapper.cfbundle; includeInIndex = 0; path = myMapTests.xctest; sourceTree = BUILT_PRODUCTS_DIR; };
		2F11F18E21909CFE001A192C /* myMapTests.swift */ = {isa = PBXFileReference; lastKnownFileType = sourcecode.swift; path = myMapTests.swift; sourceTree = "<group>"; };
		2F11F19021909CFE001A192C /* Info.plist */ = {isa = PBXFileReference; lastKnownFileType = text.plist.xml; path = Info.plist; sourceTree = "<group>"; };
		2F11F19521909CFE001A192C /* myMapUITests.xctest */ = {isa = PBXFileReference; explicitFileType = wrapper.cfbundle; includeInIndex = 0; path = myMapUITests.xctest; sourceTree = BUILT_PRODUCTS_DIR; };
		2F11F19921909CFE001A192C /* myMapUITests.swift */ = {isa = PBXFileReference; lastKnownFileType = sourcecode.swift; path = myMapUITests.swift; sourceTree = "<group>"; };
		2F11F19B21909CFE001A192C /* Info.plist */ = {isa = PBXFileReference; lastKnownFileType = text.plist.xml; path = Info.plist; sourceTree = "<group>"; };
/* End PBXFileReference section */

/* Begin PBXFrameworksBuildPhase section */
		2F11F17321909CFC001A192C /* Frameworks */ = {
			isa = PBXFrameworksBuildPhase;
			buildActionMask = 2147483647;
			files = (
			);
			runOnlyForDeploymentPostprocessing = 0;
		};
		2F11F18721909CFE001A192C /* Frameworks */ = {
			isa = PBXFrameworksBuildPhase;
			buildActionMask = 2147483647;
			files = (
			);
			runOnlyForDeploymentPostprocessing = 0;
		};
		2F11F19221909CFE001A192C /* Frameworks */ = {
			isa = PBXFrameworksBuildPhase;
			buildActionMask = 2147483647;
			files = (
			);
			runOnlyForDeploymentPostprocessing = 0;
		};
/* End PBXFrameworksBuildPhase section */

/* Begin PBXGroup section */
		2F11F16D21909CFC001A192C = {
			isa = PBXGroup;
			children = (
				2F11F17821909CFD001A192C /* myMap */,
				2F11F18D21909CFE001A192C /* myMapTests */,
				2F11F19821909CFE001A192C /* myMapUITests */,
				2F11F17721909CFD001A192C /* Products */,
			);
			sourceTree = "<group>";
		};
		2F11F17721909CFD001A192C /* Products */ = {
			isa = PBXGroup;
			children = (
				2F11F17621909CFD001A192C /* myMap.app */,
				2F11F18A21909CFE001A192C /* myMapTests.xctest */,
				2F11F19521909CFE001A192C /* myMapUITests.xctest */,
			);
			name = Products;
			sourceTree = "<group>";
		};
		2F11F17821909CFD001A192C /* myMap */ = {
			isa = PBXGroup;
			children = (
				2F11F17921909CFD001A192C /* AppDelegate.swift */,
				2F11F17B21909CFD001A192C /* ViewController.swift */,
				2F11F17D21909CFD001A192C /* Main.storyboard */,
				2F11F18021909CFD001A192C /* Assets.xcassets */,
				2F11F18221909CFD001A192C /* LaunchScreen.storyboard */,
				2F11F18521909CFE001A192C /* Info.plist */,
			);
			path = myMap;
			sourceTree = "<group>";
		};
		2F11F18D21909CFE001A192C /* myMapTests */ = {
			isa = PBXGroup;
			children = (
				2F11F18E21909CFE001A192C /* myMapTests.swift */,
				2F11F19021909CFE001A192C /* Info.plist */,
			);
			path = myMapTests;
			sourceTree = "<group>";
		};
		2F11F19821909CFE001A192C /* myMapUITests */ = {
			isa = PBXGroup;
			children = (
				2F11F19921909CFE001A192C /* myMapUITests.swift */,
				2F11F19B21909CFE001A192C /* Info.plist */,
			);
			path = myMapUITests;
			sourceTree = "<group>";
		};
/* End PBXGroup section */

/* Begin PBXNativeTarget section */
		2F11F17521909CFC001A192C /* myMap */ = {
			isa = PBXNativeTarget;
			buildConfigurationList = 2F11F19E21909CFE001A192C /* Build configuration list for PBXNativeTarget "myMap" */;
			buildPhases = (
				2F11F17221909CFC001A192C /* Sources */,
				2F11F17321909CFC001A192C /* Frameworks */,
				2F11F17421909CFC001A192C /* Resources */,
			);
			buildRules = (
			);
			dependencies = (
			);
			name = myMap;
			productName = myMap;
			productReference = 2F11F17621909CFD001A192C /* myMap.app */;
			productType = "com.apple.product-type.application";
		};
		2F11F18921909CFE001A192C /* myMapTests */ = {
			isa = PBXNativeTarget;
			buildConfigurationList = 2F11F1A121909CFE001A192C /* Build configuration list for PBXNativeTarget "myMapTests" */;
			buildPhases = (
				2F11F18621909CFE001A192C /* Sources */,
				2F11F18721909CFE001A192C /* Frameworks */,
				2F11F18821909CFE001A192C /* Resources */,
			);
			buildRules = (
			);
			dependencies = (
				2F11F18C21909CFE001A192C /* PBXTargetDependency */,
			);
			name = myMapTests;
			productName = myMapTests;
			productReference = 2F11F18A21909CFE001A192C /* myMapTests.xctest */;
			productType = "com.apple.product-type.bundle.unit-test";
		};
		2F11F19421909CFE001A192C /* myMapUITests */ = {
			isa = PBXNativeTarget;
			buildConfigurationList = 2F11F1A421909CFE001A192C /* Build configuration list for PBXNativeTarget "myMapUITests" */;
			buildPhases = (
				2F11F19121909CFE001A192C /* Sources */,
				2F11F19221909CFE001A192C /* Frameworks */,
				2F11F19321909CFE001A192C /* Resources */,
			);
			buildRules = (
			);
			dependencies = (
				2F11F19721909CFE001A192C /* PBXTargetDependency */,
			);
			name = myMapUITests;
			productName = myMapUITests;
			productReference = 2F11F19521909CFE001A192C /* myMapUITests.xctest */;
			productType = "com.apple.product-type.bundle.ui-testing";
		};
/* End PBXNativeTarget section */

/* Begin PBXProject section */
		2F11F16E21909CFC001A192C /* Project object */ = {
			isa = PBXProject;
			attributes = {
				LastSwiftUpdateCheck = 1010;
				LastUpgradeCheck = 1010;
				ORGANIZATIONNAME = "橋本 翔子";
				TargetAttributes = {
					2F11F17521909CFC001A192C = {
						CreatedOnToolsVersion = 10.1;
					};
					2F11F18921909CFE001A192C = {
						CreatedOnToolsVersion = 10.1;
						TestTargetID = 2F11F17521909CFC001A192C;
					};
					2F11F19421909CFE001A192C = {
						CreatedOnToolsVersion = 10.1;
						TestTargetID = 2F11F17521909CFC001A192C;
					};
				};
			};
			buildConfigurationList = 2F11F17121909CFC001A192C /* Build configuration list for PBXProject "myMap" */;
			compatibilityVersion = "Xcode 9.3";
			developmentRegion = en;
			hasScannedForEncodings = 0;
			knownRegions = (
				en,
				Base,
			);
			mainGroup = 2F11F16D21909CFC001A192C;
			productRefGroup = 2F11F17721909CFD001A192C /* Products */;
			projectDirPath = "";
			projectRoot = "";
			targets = (
				2F11F17521909CFC001A192C /* myMap */,
				2F11F18921909CFE001A192C /* myMapTests */,
				2F11F19421909CFE001A192C /* myMapUITests */,
			);
		};
/* End PBXProject section */

/* Begin PBXResourcesBuildPhase section */
		2F11F17421909CFC001A192C /* Resources */ = {
			isa = PBXResourcesBuildPhase;
			buildActionMask = 2147483647;
			files = (
				2F11F18421909CFD001A192C /* LaunchScreen.storyboard in Resources */,
				2F11F18121909CFD001A192C /* Assets.xcassets in Resources */,
				2F11F17F21909CFD001A192C /* Main.storyboard in Resources */,
			);
			runOnlyForDeploymentPostprocessing = 0;
		};
		2F11F18821909CFE001A192C /* Resources */ = {
			isa = PBXResourcesBuildPhase;
			buildActionMask = 2147483647;
			files = (
			);
			runOnlyForDeploymentPostprocessing = 0;
		};
		2F11F19321909CFE001A192C /* Resources */ = {
			isa = PBXResourcesBuildPhase;
			buildActionMask = 2147483647;
			files = (
			);
			runOnlyForDeploymentPostprocessing = 0;
		};
/* End PBXResourcesBuildPhase section */

/* Begin PBXSourcesBuildPhase section */
		2F11F17221909CFC001A192C /* Sources */ = {
			isa = PBXSourcesBuildPhase;
			buildActionMask = 2147483647;
			files = (
				2F11F17C21909CFD001A192C /* ViewController.swift in Sources */,
				2F11F17A21909CFD001A192C /* AppDelegate.swift in Sources */,
			);
			runOnlyForDeploymentPostprocessing = 0;
		};
		2F11F18621909CFE001A192C /* Sources */ = {
			isa = PBXSourcesBuildPhase;
			buildActionMask = 2147483647;
			files = (
				2F11F18F21909CFE001A192C /* myMapTests.swift in Sources */,
			);
			runOnlyForDeploymentPostprocessing = 0;
		};
		2F11F19121909CFE001A192C /* Sources */ = {
			isa = PBXSourcesBuildPhase;
			buildActionMask = 2147483647;
			files = (
				2F11F19A21909CFE001A192C /* myMapUITests.swift in Sources */,
			);
			runOnlyForDeploymentPostprocessing = 0;
		};
/* End PBXSourcesBuildPhase section */

/* Begin PBXTargetDependency section */
		2F11F18C21909CFE001A192C /* PBXTargetDependency */ = {
			isa = PBXTargetDependency;
			target = 2F11F17521909CFC001A192C /* myMap */;
			targetProxy = 2F11F18B21909CFE001A192C /* PBXContainerItemProxy */;
		};
		2F11F19721909CFE001A192C /* PBXTargetDependency */ = {
			isa = PBXTargetDependency;
			target = 2F11F17521909CFC001A192C /* myMap */;
			targetProxy = 2F11F19621909CFE001A192C /* PBXContainerItemProxy */;
		};
/* End PBXTargetDependency section */

/* Begin PBXVariantGroup section */
		2F11F17D21909CFD001A192C /* Main.storyboard */ = {
			isa = PBXVariantGroup;
			children = (
				2F11F17E21909CFD001A192C /* Base */,
			);
			name = Main.storyboard;
			sourceTree = "<group>";
		};
		2F11F18221909CFD001A192C /* LaunchScreen.storyboard */ = {
			isa = PBXVariantGroup;
			children = (
				2F11F18321909CFD001A192C /* Base */,
			);
			name = LaunchScreen.storyboard;
			sourceTree = "<group>";
		};
/* End PBXVariantGroup section */

/* Begin XCBuildConfiguration section */
		2F11F19C21909CFE001A192C /* Debug */ = {
			isa = XCBuildConfiguration;
			buildSettings = {
				ALWAYS_SEARCH_USER_PATHS = NO;
				CLANG_ANALYZER_NONNULL = YES;
				CLANG_ANALYZER_NUMBER_OBJECT_CONVERSION = YES_AGGRESSIVE;
				CLANG_CXX_LANGUAGE_STANDARD = "gnu++14";
				CLANG_CXX_LIBRARY = "libc++";
				CLANG_ENABLE_MODULES = YES;
				CLANG_ENABLE_OBJC_ARC = YES;
				CLANG_ENABLE_OBJC_WEAK = YES;
				CLANG_WARN_BLOCK_CAPTURE_AUTORELEASING = YES;
				CLANG_WARN_BOOL_CONVERSION = YES;
				CLANG_WARN_COMMA = YES;
				CLANG_WARN_CONSTANT_CONVERSION = YES;
				CLANG_WARN_DEPRECATED_OBJC_IMPLEMENTATIONS = YES;
				CLANG_WARN_DIRECT_OBJC_ISA_USAGE = YES_ERROR;
				CLANG_WARN_DOCUMENTATION_COMMENTS = YES;
				CLANG_WARN_EMPTY_BODY = YES;
				CLANG_WARN_ENUM_CONVERSION = YES;
				CLANG_WARN_INFINITE_RECURSION = YES;
				CLANG_WARN_INT_CONVERSION = YES;
				CLANG_WARN_NON_LITERAL_NULL_CONVERSION = YES;
				CLANG_WARN_OBJC_IMPLICIT_RETAIN_SELF = YES;
				CLANG_WARN_OBJC_LITERAL_CONVERSION = YES;
				CLANG_WARN_OBJC_ROOT_CLASS = YES_ERROR;
				CLANG_WARN_RANGE_LOOP_ANALYSIS = YES;
				CLANG_WARN_STRICT_PROTOTYPES = YES;
				CLANG_WARN_SUSPICIOUS_MOVE = YES;
				CLANG_WARN_UNGUARDED_AVAILABILITY = YES_AGGRESSIVE;
				CLANG_WARN_UNREACHABLE_CODE = YES;
				CLANG_WARN__DUPLICATE_METHOD_MATCH = YES;
				CODE_SIGN_IDENTITY = "iPhone Developer";
				COPY_PHASE_STRIP = NO;
				DEBUG_INFORMATION_FORMAT = dwarf;
				ENABLE_STRICT_OBJC_MSGSEND = YES;
				ENABLE_TESTABILITY = YES;
				GCC_C_LANGUAGE_STANDARD = gnu11;
				GCC_DYNAMIC_NO_PIC = NO;
				GCC_NO_COMMON_BLOCKS = YES;
				GCC_OPTIMIZATION_LEVEL = 0;
				GCC_PREPROCESSOR_DEFINITIONS = (
					"DEBUG=1",
					"$(inherited)",
				);
				GCC_WARN_64_TO_32_BIT_CONVERSION = YES;
				GCC_WARN_ABOUT_RETURN_TYPE = YES_ERROR;
				GCC_WARN_UNDECLARED_SELECTOR = YES;
				GCC_WARN_UNINITIALIZED_AUTOS = YES_AGGRESSIVE;
				GCC_WARN_UNUSED_FUNCTION = YES;
				GCC_WARN_UNUSED_VARIABLE = YES;
				IPHONEOS_DEPLOYMENT_TARGET = 12.1;
				MTL_ENABLE_DEBUG_INFO = INCLUDE_SOURCE;
				MTL_FAST_MATH = YES;
				ONLY_ACTIVE_ARCH = YES;
				SDKROOT = iphoneos;
				SWIFT_ACTIVE_COMPILATION_CONDITIONS = DEBUG;
				SWIFT_OPTIMIZATION_LEVEL = "-Onone";
			};
			name = Debug;
		};
		2F11F19D21909CFE001A192C /* Release */ = {
			isa = XCBuildConfiguration;
			buildSettings = {
				ALWAYS_SEARCH_USER_PATHS = NO;
				CLANG_ANALYZER_NONNULL = YES;
				CLANG_ANALYZER_NUMBER_OBJECT_CONVERSION = YES_AGGRESSIVE;
				CLANG_CXX_LANGUAGE_STANDARD = "gnu++14";
				CLANG_CXX_LIBRARY = "libc++";
				CLANG_ENABLE_MODULES = YES;
				CLANG_ENABLE_OBJC_ARC = YES;
				CLANG_ENABLE_OBJC_WEAK = YES;
				CLANG_WARN_BLOCK_CAPTURE_AUTORELEASING = YES;
				CLANG_WARN_BOOL_CONVERSION = YES;
				CLANG_WARN_COMMA = YES;
				CLANG_WARN_CONSTANT_CONVERSION = YES;
				CLANG_WARN_DEPRECATED_OBJC_IMPLEMENTATIONS = YES;
				CLANG_WARN_DIRECT_OBJC_ISA_USAGE = YES_ERROR;
				CLANG_WARN_DOCUMENTATION_COMMENTS = YES;
				CLANG_WARN_EMPTY_BODY = YES;
				CLANG_WARN_ENUM_CONVERSION = YES;
				CLANG_WARN_INFINITE_RECURSION = YES;
				CLANG_WARN_INT_CONVERSION = YES;
				CLANG_WARN_NON_LITERAL_NULL_CONVERSION = YES;
				CLANG_WARN_OBJC_IMPLICIT_RETAIN_SELF = YES;
				CLANG_WARN_OBJC_LITERAL_CONVERSION = YES;
				CLANG_WARN_OBJC_ROOT_CLASS = YES_ERROR;
				CLANG_WARN_RANGE_LOOP_ANALYSIS = YES;
				CLANG_WARN_STRICT_PROTOTYPES = YES;
				CLANG_WARN_SUSPICIOUS_MOVE = YES;
				CLANG_WARN_UNGUARDED_AVAILABILITY = YES_AGGRESSIVE;
				CLANG_WARN_UNREACHABLE_CODE = YES;
				CLANG_WARN__DUPLICATE_METHOD_MATCH = YES;
				CODE_SIGN_IDENTITY = "iPhone Developer";
				COPY_PHASE_STRIP = NO;
				DEBUG_INFORMATION_FORMAT = "dwarf-with-dsym";
				ENABLE_NS_ASSERTIONS = NO;
				ENABLE_STRICT_OBJC_MSGSEND = YES;
				GCC_C_LANGUAGE_STANDARD = gnu11;
				GCC_NO_COMMON_BLOCKS = YES;
				GCC_WARN_64_TO_32_BIT_CONVERSION = YES;
				GCC_WARN_ABOUT_RETURN_TYPE = YES_ERROR;
				GCC_WARN_UNDECLARED_SELECTOR = YES;
				GCC_WARN_UNINITIALIZED_AUTOS = YES_AGGRESSIVE;
				GCC_WARN_UNUSED_FUNCTION = YES;
				GCC_WARN_UNUSED_VARIABLE = YES;
				IPHONEOS_DEPLOYMENT_TARGET = 12.1;
				MTL_ENABLE_DEBUG_INFO = NO;
				MTL_FAST_MATH = YES;
				SDKROOT = iphoneos;
				SWIFT_COMPILATION_MODE = wholemodule;
				SWIFT_OPTIMIZATION_LEVEL = "-O";
				VALIDATE_PRODUCT = YES;
			};
			name = Release;
		};
		2F11F19F21909CFE001A192C /* Debug */ = {
			isa = XCBuildConfiguration;
			buildSettings = {
				ASSETCATALOG_COMPILER_APPICON_NAME = AppIcon;
				CODE_SIGN_STYLE = Automatic;
				INFOPLIST_FILE = myMap/Info.plist;
				LD_RUNPATH_SEARCH_PATHS = (
					"$(inherited)",
					"@executable_path/Frameworks",
				);
				PRODUCT_BUNDLE_IDENTIFIER = com.dotinstal.myMap;
				PRODUCT_NAME = "$(TARGET_NAME)";
				SWIFT_VERSION = 4.2;
				TARGETED_DEVICE_FAMILY = "1,2";
			};
			name = Debug;
		};
		2F11F1A021909CFE001A192C /* Release */ = {
			isa = XCBuildConfiguration;
			buildSettings = {
				ASSETCATALOG_COMPILER_APPICON_NAME = AppIcon;
				CODE_SIGN_STYLE = Automatic;
				INFOPLIST_FILE = myMap/Info.plist;
				LD_RUNPATH_SEARCH_PATHS = (
					"$(inherited)",
					"@executable_path/Frameworks",
				);
				PRODUCT_BUNDLE_IDENTIFIER = com.dotinstal.myMap;
				PRODUCT_NAME = "$(TARGET_NAME)";
				SWIFT_VERSION = 4.2;
				TARGETED_DEVICE_FAMILY = "1,2";
			};
			name = Release;
		};
		2F11F1A221909CFE001A192C /* Debug */ = {
			isa = XCBuildConfiguration;
			buildSettings = {
				ALWAYS_EMBED_SWIFT_STANDARD_LIBRARIES = YES;
				BUNDLE_LOADER = "$(TEST_HOST)";
				CODE_SIGN_STYLE = Automatic;
				INFOPLIST_FILE = myMapTests/Info.plist;
				LD_RUNPATH_SEARCH_PATHS = (
					"$(inherited)",
					"@executable_path/Frameworks",
					"@loader_path/Frameworks",
				);
				PRODUCT_BUNDLE_IDENTIFIER = com.dotinstal.myMapTests;
				PRODUCT_NAME = "$(TARGET_NAME)";
				SWIFT_VERSION = 4.2;
				TARGETED_DEVICE_FAMILY = "1,2";
				TEST_HOST = "$(BUILT_PRODUCTS_DIR)/myMap.app/myMap";
			};
			name = Debug;
		};
		2F11F1A321909CFE001A192C /* Release */ = {
			isa = XCBuildConfiguration;
			buildSettings = {
				ALWAYS_EMBED_SWIFT_STANDARD_LIBRARIES = YES;
				BUNDLE_LOADER = "$(TEST_HOST)";
				CODE_SIGN_STYLE = Automatic;
				INFOPLIST_FILE = myMapTests/Info.plist;
				LD_RUNPATH_SEARCH_PATHS = (
					"$(inherited)",
					"@executable_path/Frameworks",
					"@loader_path/Frameworks",
				);
				PRODUCT_BUNDLE_IDENTIFIER = com.dotinstal.myMapTests;
				PRODUCT_NAME = "$(TARGET_NAME)";
				SWIFT_VERSION = 4.2;
				TARGETED_DEVICE_FAMILY = "1,2";
				TEST_HOST = "$(BUILT_PRODUCTS_DIR)/myMap.app/myMap";
			};
			name = Release;
		};
		2F11F1A521909CFE001A192C /* Debug */ = {
			isa = XCBuildConfiguration;
			buildSettings = {
				ALWAYS_EMBED_SWIFT_STANDARD_LIBRARIES = YES;
				CODE_SIGN_STYLE = Automatic;
				INFOPLIST_FILE = myMapUITests/Info.plist;
				LD_RUNPATH_SEARCH_PATHS = (
					"$(inherited)",
					"@executable_path/Frameworks",
					"@loader_path/Frameworks",
				);
				PRODUCT_BUNDLE_IDENTIFIER = com.dotinstal.myMapUITests;
				PRODUCT_NAME = "$(TARGET_NAME)";
				SWIFT_VERSION = 4.2;
				TARGETED_DEVICE_FAMILY = "1,2";
				TEST_TARGET_NAME = myMap;
			};
			name = Debug;
		};
		2F11F1A621909CFE001A192C /* Release */ = {
			isa = XCBuildConfiguration;
			buildSettings = {
				ALWAYS_EMBED_SWIFT_STANDARD_LIBRARIES = YES;
				CODE_SIGN_STYLE = Automatic;
				INFOPLIST_FILE = myMapUITests/Info.plist;
				LD_RUNPATH_SEARCH_PATHS = (
					"$(inherited)",
					"@executable_path/Frameworks",
					"@loader_path/Frameworks",
				);
				PRODUCT_BUNDLE_IDENTIFIER = com.dotinstal.myMapUITests;
				PRODUCT_NAME = "$(TARGET_NAME)";
				SWIFT_VERSION = 4.2;
				TARGETED_DEVICE_FAMILY = "1,2";
				TEST_TARGET_NAME = myMap;
			};
			name = Release;
		};
/* End XCBuildConfiguration section */

/* Begin XCConfigurationList section */
		2F11F17121909CFC001A192C /* Build configuration list for PBXProject "myMap" */ = {
			isa = XCConfigurationList;
			buildConfigurations = (
				2F11F19C21909CFE001A192C /* Debug */,
				2F11F19D21909CFE001A192C /* Release */,
			);
			defaultConfigurationIsVisible = 0;
			defaultConfigurationName = Release;
		};
		2F11F19E21909CFE001A192C /* Build configuration list for PBXNativeTarget "myMap" */ = {
			isa = XCConfigurationList;
			buildConfigurations = (
				2F11F19F21909CFE001A192C /* Debug */,
				2F11F1A021909CFE001A192C /* Release */,
			);
			defaultConfigurationIsVisible = 0;
			defaultConfigurationName = Release;
		};
		2F11F1A121909CFE001A192C /* Build configuration list for PBXNativeTarget "myMapTests" */ = {
			isa = XCConfigurationList;
			buildConfigurations = (
				2F11F1A221909CFE001A192C /* Debug */,
				2F11F1A321909CFE001A192C /* Release */,
			);
			defaultConfigurationIsVisible = 0;
			defaultConfigurationName = Release;
		};
		2F11F1A421909CFE001A192C /* Build configuration list for PBXNativeTarget "myMapUITests" */ = {
			isa = XCConfigurationList;
			buildConfigurations = (
				2F11F1A521909CFE001A192C /* Debug */,
				2F11F1A621909CFE001A192C /* Release */,
			);
			defaultConfigurationIsVisible = 0;
			defaultConfigurationName = Release;
		};
/* End XCConfigurationList section */
	};
	rootObject = 2F11F16E21909CFC001A192C /* Project object */;
}
